
Microsoft Visual Studio Solution File, Format Version 12.00
# Visual Studio Version 17
VisualStudioVersion = 17.9.34701.34
MinimumVisualStudioVersion = 10.0.40219.1
Project("{9A19103F-16F7-4668-BE54-9A1E7A4F7556}") = "UserManagementAPI", "UserManagementAPI.csproj", "{45C8B02A-50F6-4E2A-8456-A9D9C4B22200}"
EndProject
Project("{FAE04EC0-301F-11D3-BF4B-00C04F79EFBC}") = "User.Management.Service", "..\User.Management.Service\User.Management.Service.csproj", "{86100FF0-4E8D-4E40-A3AF-168B0FC7045A}"
EndProject
Global
	GlobalSection(SolutionConfigurationPlatforms) = preSolution
		Debug|Any CPU = Debug|Any CPU
		Release|Any CPU = Release|Any CPU
	EndGlobalSection
	GlobalSection(ProjectConfigurationPlatforms) = postSolution
		{45C8B02A-50F6-4E2A-8456-A9D9C4B22200}.Debug|Any CPU.ActiveCfg = Debug|Any CPU
		{45C8B02A-50F6-4E2A-8456-A9D9C4B22200}.Debug|Any CPU.Build.0 = Debug|Any CPU
		{45C8B02A-50F6-4E2A-8456-A9D9C4B22200}.Release|Any CPU.ActiveCfg = Release|Any CPU
		{45C8B02A-50F6-4E2A-8456-A9D9C4B22200}.Release|Any CPU.Build.0 = Release|Any CPU
		{86100FF0-4E8D-4E40-A3AF-168B0FC7045A}.Debug|Any CPU.ActiveCfg = Debug|Any CPU
		{86100FF0-4E8D-4E40-A3AF-168B0FC7045A}.Debug|Any CPU.Build.0 = Debug|Any CPU
		{86100FF0-4E8D-4E40-A3AF-168B0FC7045A}.Release|Any CPU.ActiveCfg = Release|Any CPU
		{86100FF0-4E8D-4E40-A3AF-168B0FC7045A}.Release|Any CPU.Build.0 = Release|Any CPU
	EndGlobalSection
	GlobalSection(SolutionProperties) = preSolution
		HideSolutionNode = FALSE
	EndGlobalSection
	GlobalSection(ExtensibilityGlobals) = postSolution
		SolutionGuid = {6C187BD3-1F38-4E23-8BE7-DE2F57F3791F}
	EndGlobalSection
EndGlobal
